
Microsoft Visual Studio Solution File, Format Version 12.00
# Visual Studio Version 17
VisualStudioVersion = 17.13.35806.99
MinimumVisualStudioVersion = 10.0.40219.1
Project("{2150E333-8FDC-42A3-9474-1A3956D46DE8}") = "src", "src", "{6E2DC0D9-A4F9-46FD-A1E4-13A141C6B469}"
EndProject
Project("{2150E333-8FDC-42A3-9474-1A3956D46DE8}") = "core", "core", "{53BA4D2A-683D-497F-B7AC-387B1D17A041}"
EndProject
Project("{2150E333-8FDC-42A3-9474-1A3956D46DE8}") = "users", "users", "{517451B4-3848-4C95-B466-8E8A7A2B899C}"
EndProject
Project("{2150E333-8FDC-42A3-9474-1A3956D46DE8}") = "credits", "credits", "{8542170C-C877-4C3C-90B4-01BAF573D9AC}"
EndProject
Project("{FAE04EC0-301F-11D3-BF4B-00C04F79EFBC}") = "Bank.Core.Api", "src\core\Bank.Core.Api\Bank.Core.Api.csproj", "{07715672-B1E2-4720-88CB-DEDA5C03C894}"
EndProject
Project("{FAE04EC0-301F-11D3-BF4B-00C04F79EFBC}") = "Bank.Credits.Api", "src\credits\Bank.Credits.Api\Bank.Credits.Api.csproj", "{C37CF146-26F4-4594-80CC-1269186F42C5}"
EndProject
Project("{FAE04EC0-301F-11D3-BF4B-00C04F79EFBC}") = "Bank.Users.Api", "src\users\Bank.Users.Api\Bank.Users.Api.csproj", "{13C61126-FE84-4177-815E-EBCE442EAA07}"
EndProject
Project("{FAE04EC0-301F-11D3-BF4B-00C04F79EFBC}") = "Bank.Core.Application", "src\core\Bank.Core.Application\Bank.Core.Application.csproj", "{C18A82A1-A2C0-4031-84C6-B5B444AA0FA3}"
EndProject
Project("{FAE04EC0-301F-11D3-BF4B-00C04F79EFBC}") = "Bank.Core.Domain", "src\core\Bank.Core.Domain\Bank.Core.Domain.csproj", "{0759A09C-8853-45E3-B6FF-60449888C921}"
EndProject
Project("{E53339B2-1760-4266-BCC7-CA923CBCF16C}") = "docker-compose", "docker-compose.dcproj", "{81DDED9D-158B-E303-5F62-77A2896D2A5A}"
EndProject
Project("{FAE04EC0-301F-11D3-BF4B-00C04F79EFBC}") = "Bank.Common.Models", "src\common\Bank.Common.Models\Bank.Common.Models.csproj", "{0837B180-0A5E-4E3C-AED5-A63DC1D9C00F}"
EndProject
Project("{FAE04EC0-301F-11D3-BF4B-00C04F79EFBC}") = "Bank.Users.Application", "src\users\Bank.Users.Application\Bank.Users.Application.csproj", "{9DF9A99C-29AB-427F-9AFF-EB03F43BDA9D}"
EndProject
Project("{FAE04EC0-301F-11D3-BF4B-00C04F79EFBC}") = "Bank.Users.Domain", "src\users\Bank.Users.Domain\Bank.Users.Domain.csproj", "{9E560F4E-E321-482C-AB4A-1D3FD5C5B82A}"
EndProject
Project("{2150E333-8FDC-42A3-9474-1A3956D46DE8}") = "common", "common", "{36D591C7-65C7-A0D1-1CBC-10CDE441BDC8}"
EndProject
Project("{FAE04EC0-301F-11D3-BF4B-00C04F79EFBC}") = "Bank.Common.Api", "src\common\Bank.Common.Api\Bank.Common.Api.csproj", "{4422CECF-C0D7-49EA-83EC-BF3B32E011A2}"
EndProject
Project("{FAE04EC0-301F-11D3-BF4B-00C04F79EFBC}") = "Bank.Common.Application", "src\common\Bank.Common.Application\Bank.Common.Application.csproj", "{9B624DBA-FD6A-4898-8C1D-9267F3CAF602}"
EndProject
Project("{FAE04EC0-301F-11D3-BF4B-00C04F79EFBC}") = "Bank.Credits.Domain", "src\credits\Bank.Credits.Domain\Bank.Credits.Domain.csproj", "{144C9721-51AC-4287-8069-02E0AF5D7332}"
EndProject
Project("{FAE04EC0-301F-11D3-BF4B-00C04F79EFBC}") = "Bank.Credits.Application", "src\credits\Bank.Credits.Application\Bank.Credits.Application.csproj", "{04657BC3-837D-44E3-985E-E4C52B0AAB9C}"
EndProject
Project("{FAE04EC0-301F-11D3-BF4B-00C04F79EFBC}") = "Bank.Users.Persistence", "src\users\Bank.Users.Persistence\Bank.Users.Persistence.csproj", "{DAF6E029-2398-4E9F-8D05-D89739DDB9DF}"
EndProject
Project("{FAE04EC0-301F-11D3-BF4B-00C04F79EFBC}") = "Bank.Common.Auth", "src\common\Bank.Common.Auth\Bank.Common.Auth.csproj", "{04B4285A-E784-4D25-9576-E39DA9D8BBB3}"
EndProject
Project("{2150E333-8FDC-42A3-9474-1A3956D46DE8}") = "Элементы решения", "Элементы решения", "{754FC069-D67B-A9D7-50A1-8D1CA196D8F1}"
	ProjectSection(SolutionItems) = preProject
		.filenesting.json = .filenesting.json
	EndProjectSection
EndProject
Project("{FAE04EC0-301F-11D3-BF4B-00C04F79EFBC}") = "Bank.Core.Persistence", "src\core\Bank.Core.Persistence\Bank.Core.Persistence.csproj", "{09BF9201-558F-4192-B1A1-DE8F2E8B24BF}"
EndProject
Project("{FAE04EC0-301F-11D3-BF4B-00C04F79EFBC}") = "Bank.Credits.Persistence", "src\credits\Bank.Credits.Persistence\Bank.Credits.Persistence.csproj", "{976E4AC5-8EBD-480B-94D5-F51A2E357ECA}"
EndProject
Global
	GlobalSection(SolutionConfigurationPlatforms) = preSolution
		Debug|Any CPU = Debug|Any CPU
		Release|Any CPU = Release|Any CPU
	EndGlobalSection
	GlobalSection(ProjectConfigurationPlatforms) = postSolution
		{07715672-B1E2-4720-88CB-DEDA5C03C894}.Debug|Any CPU.ActiveCfg = Debug|Any CPU
		{07715672-B1E2-4720-88CB-DEDA5C03C894}.Debug|Any CPU.Build.0 = Debug|Any CPU
		{07715672-B1E2-4720-88CB-DEDA5C03C894}.Release|Any CPU.ActiveCfg = Release|Any CPU
		{07715672-B1E2-4720-88CB-DEDA5C03C894}.Release|Any CPU.Build.0 = Release|Any CPU
		{C37CF146-26F4-4594-80CC-1269186F42C5}.Debug|Any CPU.ActiveCfg = Debug|Any CPU
		{C37CF146-26F4-4594-80CC-1269186F42C5}.Debug|Any CPU.Build.0 = Debug|Any CPU
		{C37CF146-26F4-4594-80CC-1269186F42C5}.Release|Any CPU.ActiveCfg = Release|Any CPU
		{C37CF146-26F4-4594-80CC-1269186F42C5}.Release|Any CPU.Build.0 = Release|Any CPU
		{13C61126-FE84-4177-815E-EBCE442EAA07}.Debug|Any CPU.ActiveCfg = Debug|Any CPU
		{13C61126-FE84-4177-815E-EBCE442EAA07}.Debug|Any CPU.Build.0 = Debug|Any CPU
		{13C61126-FE84-4177-815E-EBCE442EAA07}.Release|Any CPU.ActiveCfg = Release|Any CPU
		{13C61126-FE84-4177-815E-EBCE442EAA07}.Release|Any CPU.Build.0 = Release|Any CPU
		{C18A82A1-A2C0-4031-84C6-B5B444AA0FA3}.Debug|Any CPU.ActiveCfg = Debug|Any CPU
		{C18A82A1-A2C0-4031-84C6-B5B444AA0FA3}.Debug|Any CPU.Build.0 = Debug|Any CPU
		{C18A82A1-A2C0-4031-84C6-B5B444AA0FA3}.Release|Any CPU.ActiveCfg = Release|Any CPU
		{C18A82A1-A2C0-4031-84C6-B5B444AA0FA3}.Release|Any CPU.Build.0 = Release|Any CPU
		{0759A09C-8853-45E3-B6FF-60449888C921}.Debug|Any CPU.ActiveCfg = Debug|Any CPU
		{0759A09C-8853-45E3-B6FF-60449888C921}.Debug|Any CPU.Build.0 = Debug|Any CPU
		{0759A09C-8853-45E3-B6FF-60449888C921}.Release|Any CPU.ActiveCfg = Release|Any CPU
		{0759A09C-8853-45E3-B6FF-60449888C921}.Release|Any CPU.Build.0 = Release|Any CPU
		{81DDED9D-158B-E303-5F62-77A2896D2A5A}.Debug|Any CPU.ActiveCfg = Debug|Any CPU
		{81DDED9D-158B-E303-5F62-77A2896D2A5A}.Debug|Any CPU.Build.0 = Debug|Any CPU
		{81DDED9D-158B-E303-5F62-77A2896D2A5A}.Release|Any CPU.ActiveCfg = Release|Any CPU
		{81DDED9D-158B-E303-5F62-77A2896D2A5A}.Release|Any CPU.Build.0 = Release|Any CPU
		{0837B180-0A5E-4E3C-AED5-A63DC1D9C00F}.Debug|Any CPU.ActiveCfg = Debug|Any CPU
		{0837B180-0A5E-4E3C-AED5-A63DC1D9C00F}.Debug|Any CPU.Build.0 = Debug|Any CPU
		{0837B180-0A5E-4E3C-AED5-A63DC1D9C00F}.Release|Any CPU.ActiveCfg = Release|Any CPU
		{0837B180-0A5E-4E3C-AED5-A63DC1D9C00F}.Release|Any CPU.Build.0 = Release|Any CPU
		{9DF9A99C-29AB-427F-9AFF-EB03F43BDA9D}.Debug|Any CPU.ActiveCfg = Debug|Any CPU
		{9DF9A99C-29AB-427F-9AFF-EB03F43BDA9D}.Debug|Any CPU.Build.0 = Debug|Any CPU
		{9DF9A99C-29AB-427F-9AFF-EB03F43BDA9D}.Release|Any CPU.ActiveCfg = Release|Any CPU
		{9DF9A99C-29AB-427F-9AFF-EB03F43BDA9D}.Release|Any CPU.Build.0 = Release|Any CPU
		{9E560F4E-E321-482C-AB4A-1D3FD5C5B82A}.Debug|Any CPU.ActiveCfg = Debug|Any CPU
		{9E560F4E-E321-482C-AB4A-1D3FD5C5B82A}.Debug|Any CPU.Build.0 = Debug|Any CPU
		{9E560F4E-E321-482C-AB4A-1D3FD5C5B82A}.Release|Any CPU.ActiveCfg = Release|Any CPU
		{9E560F4E-E321-482C-AB4A-1D3FD5C5B82A}.Release|Any CPU.Build.0 = Release|Any CPU
		{4422CECF-C0D7-49EA-83EC-BF3B32E011A2}.Debug|Any CPU.ActiveCfg = Debug|Any CPU
		{4422CECF-C0D7-49EA-83EC-BF3B32E011A2}.Debug|Any CPU.Build.0 = Debug|Any CPU
		{4422CECF-C0D7-49EA-83EC-BF3B32E011A2}.Release|Any CPU.ActiveCfg = Release|Any CPU
		{4422CECF-C0D7-49EA-83EC-BF3B32E011A2}.Release|Any CPU.Build.0 = Release|Any CPU
		{9B624DBA-FD6A-4898-8C1D-9267F3CAF602}.Debug|Any CPU.ActiveCfg = Debug|Any CPU
		{9B624DBA-FD6A-4898-8C1D-9267F3CAF602}.Debug|Any CPU.Build.0 = Debug|Any CPU
		{9B624DBA-FD6A-4898-8C1D-9267F3CAF602}.Release|Any CPU.ActiveCfg = Release|Any CPU
		{9B624DBA-FD6A-4898-8C1D-9267F3CAF602}.Release|Any CPU.Build.0 = Release|Any CPU
		{144C9721-51AC-4287-8069-02E0AF5D7332}.Debug|Any CPU.ActiveCfg = Debug|Any CPU
		{144C9721-51AC-4287-8069-02E0AF5D7332}.Debug|Any CPU.Build.0 = Debug|Any CPU
		{144C9721-51AC-4287-8069-02E0AF5D7332}.Release|Any CPU.ActiveCfg = Release|Any CPU
		{144C9721-51AC-4287-8069-02E0AF5D7332}.Release|Any CPU.Build.0 = Release|Any CPU
		{04657BC3-837D-44E3-985E-E4C52B0AAB9C}.Debug|Any CPU.ActiveCfg = Debug|Any CPU
		{04657BC3-837D-44E3-985E-E4C52B0AAB9C}.Debug|Any CPU.Build.0 = Debug|Any CPU
		{04657BC3-837D-44E3-985E-E4C52B0AAB9C}.Release|Any CPU.ActiveCfg = Release|Any CPU
		{04657BC3-837D-44E3-985E-E4C52B0AAB9C}.Release|Any CPU.Build.0 = Release|Any CPU
		{DAF6E029-2398-4E9F-8D05-D89739DDB9DF}.Debug|Any CPU.ActiveCfg = Debug|Any CPU
		{DAF6E029-2398-4E9F-8D05-D89739DDB9DF}.Debug|Any CPU.Build.0 = Debug|Any CPU
		{DAF6E029-2398-4E9F-8D05-D89739DDB9DF}.Release|Any CPU.ActiveCfg = Release|Any CPU
		{DAF6E029-2398-4E9F-8D05-D89739DDB9DF}.Release|Any CPU.Build.0 = Release|Any CPU
		{04B4285A-E784-4D25-9576-E39DA9D8BBB3}.Debug|Any CPU.ActiveCfg = Debug|Any CPU
		{04B4285A-E784-4D25-9576-E39DA9D8BBB3}.Debug|Any CPU.Build.0 = Debug|Any CPU
		{04B4285A-E784-4D25-9576-E39DA9D8BBB3}.Release|Any CPU.ActiveCfg = Release|Any CPU
		{04B4285A-E784-4D25-9576-E39DA9D8BBB3}.Release|Any CPU.Build.0 = Release|Any CPU
		{09BF9201-558F-4192-B1A1-DE8F2E8B24BF}.Debug|Any CPU.ActiveCfg = Debug|Any CPU
		{09BF9201-558F-4192-B1A1-DE8F2E8B24BF}.Debug|Any CPU.Build.0 = Debug|Any CPU
		{09BF9201-558F-4192-B1A1-DE8F2E8B24BF}.Release|Any CPU.ActiveCfg = Release|Any CPU
		{09BF9201-558F-4192-B1A1-DE8F2E8B24BF}.Release|Any CPU.Build.0 = Release|Any CPU
		{976E4AC5-8EBD-480B-94D5-F51A2E357ECA}.Debug|Any CPU.ActiveCfg = Debug|Any CPU
		{976E4AC5-8EBD-480B-94D5-F51A2E357ECA}.Debug|Any CPU.Build.0 = Debug|Any CPU
		{976E4AC5-8EBD-480B-94D5-F51A2E357ECA}.Release|Any CPU.ActiveCfg = Release|Any CPU
		{976E4AC5-8EBD-480B-94D5-F51A2E357ECA}.Release|Any CPU.Build.0 = Release|Any CPU
	EndGlobalSection
	GlobalSection(SolutionProperties) = preSolution
		HideSolutionNode = FALSE
	EndGlobalSection
	GlobalSection(NestedProjects) = preSolution
		{53BA4D2A-683D-497F-B7AC-387B1D17A041} = {6E2DC0D9-A4F9-46FD-A1E4-13A141C6B469}
		{517451B4-3848-4C95-B466-8E8A7A2B899C} = {6E2DC0D9-A4F9-46FD-A1E4-13A141C6B469}
		{8542170C-C877-4C3C-90B4-01BAF573D9AC} = {6E2DC0D9-A4F9-46FD-A1E4-13A141C6B469}
		{07715672-B1E2-4720-88CB-DEDA5C03C894} = {53BA4D2A-683D-497F-B7AC-387B1D17A041}
		{C37CF146-26F4-4594-80CC-1269186F42C5} = {8542170C-C877-4C3C-90B4-01BAF573D9AC}
		{13C61126-FE84-4177-815E-EBCE442EAA07} = {517451B4-3848-4C95-B466-8E8A7A2B899C}
		{C18A82A1-A2C0-4031-84C6-B5B444AA0FA3} = {53BA4D2A-683D-497F-B7AC-387B1D17A041}
		{0759A09C-8853-45E3-B6FF-60449888C921} = {53BA4D2A-683D-497F-B7AC-387B1D17A041}
		{0837B180-0A5E-4E3C-AED5-A63DC1D9C00F} = {36D591C7-65C7-A0D1-1CBC-10CDE441BDC8}
		{9DF9A99C-29AB-427F-9AFF-EB03F43BDA9D} = {517451B4-3848-4C95-B466-8E8A7A2B899C}
		{9E560F4E-E321-482C-AB4A-1D3FD5C5B82A} = {517451B4-3848-4C95-B466-8E8A7A2B899C}
		{36D591C7-65C7-A0D1-1CBC-10CDE441BDC8} = {6E2DC0D9-A4F9-46FD-A1E4-13A141C6B469}
		{4422CECF-C0D7-49EA-83EC-BF3B32E011A2} = {36D591C7-65C7-A0D1-1CBC-10CDE441BDC8}
		{9B624DBA-FD6A-4898-8C1D-9267F3CAF602} = {36D591C7-65C7-A0D1-1CBC-10CDE441BDC8}
		{144C9721-51AC-4287-8069-02E0AF5D7332} = {8542170C-C877-4C3C-90B4-01BAF573D9AC}
		{04657BC3-837D-44E3-985E-E4C52B0AAB9C} = {8542170C-C877-4C3C-90B4-01BAF573D9AC}
		{DAF6E029-2398-4E9F-8D05-D89739DDB9DF} = {517451B4-3848-4C95-B466-8E8A7A2B899C}
		{04B4285A-E784-4D25-9576-E39DA9D8BBB3} = {36D591C7-65C7-A0D1-1CBC-10CDE441BDC8}
		{09BF9201-558F-4192-B1A1-DE8F2E8B24BF} = {53BA4D2A-683D-497F-B7AC-387B1D17A041}
		{976E4AC5-8EBD-480B-94D5-F51A2E357ECA} = {8542170C-C877-4C3C-90B4-01BAF573D9AC}
	EndGlobalSection
	GlobalSection(ExtensibilityGlobals) = postSolution
		SolutionGuid = {12763DB4-07C3-4231-9EC1-021CE5B1C0EF}
	EndGlobalSection
EndGlobal
